
Microsoft Visual Studio Solution File, Format Version 12.00
# Visual Studio Version 17
VisualStudioVersion = 17.11.35222.181
MinimumVisualStudioVersion = 10.0.40219.1
Project("{FAE04EC0-301F-11D3-BF4B-00C04F79EFBC}") = "TechFix", "TechFix\TechFix.csproj", "{BFA04596-BB41-4C2B-81F8-F179AB9F23D6}"
EndProject
Global
	GlobalSection(SolutionConfigurationPlatforms) = preSolution
		Debug|Any CPU = Debug|Any CPU
		Release|Any CPU = Release|Any CPU
	EndGlobalSection
	GlobalSection(ProjectConfigurationPlatforms) = postSolution
		{BFA04596-BB41-4C2B-81F8-F179AB9F23D6}.Debug|Any CPU.ActiveCfg = Debug|Any CPU
		{BFA04596-BB41-4C2B-81F8-F179AB9F23D6}.Debug|Any CPU.Build.0 = Debug|Any CPU
		{BFA04596-BB41-4C2B-81F8-F179AB9F23D6}.Release|Any CPU.ActiveCfg = Release|Any CPU
		{BFA04596-BB41-4C2B-81F8-F179AB9F23D6}.Release|Any CPU.Build.0 = Release|Any CPU
	EndGlobalSection
	GlobalSection(SolutionProperties) = preSolution
		HideSolutionNode = FALSE
	EndGlobalSection
	GlobalSection(ExtensibilityGlobals) = postSolution
		SolutionGuid = {6DF805F4-1AF7-453C-A1BB-6BA2D38D2AF6}
	EndGlobalSection
EndGlobal
